
Microsoft Visual Studio Solution File, Format Version 12.00
# Visual Studio Version 17
VisualStudioVersion = 17.7.34024.191
MinimumVisualStudioVersion = 10.0.40219.1
Project("{FAE04EC0-301F-11D3-BF4B-00C04F79EFBC}") = "Task 1", "Task 1\Task 1.csproj", "{133198D2-78FE-44B7-A2BD-982FBC3FA7E7}"
EndProject
Global
	GlobalSection(SolutionConfigurationPlatforms) = preSolution
		Debug|Any CPU = Debug|Any CPU
		Release|Any CPU = Release|Any CPU
	EndGlobalSection
	GlobalSection(ProjectConfigurationPlatforms) = postSolution
		{133198D2-78FE-44B7-A2BD-982FBC3FA7E7}.Debug|Any CPU.ActiveCfg = Debug|Any CPU
		{133198D2-78FE-44B7-A2BD-982FBC3FA7E7}.Debug|Any CPU.Build.0 = Debug|Any CPU
		{133198D2-78FE-44B7-A2BD-982FBC3FA7E7}.Release|Any CPU.ActiveCfg = Release|Any CPU
		{133198D2-78FE-44B7-A2BD-982FBC3FA7E7}.Release|Any CPU.Build.0 = Release|Any CPU
	EndGlobalSection
	GlobalSection(SolutionProperties) = preSolution
		HideSolutionNode = FALSE
	EndGlobalSection
	GlobalSection(ExtensibilityGlobals) = postSolution
		SolutionGuid = {0C9133EB-744D-4FAB-87CC-6F788B62DA37}
	EndGlobalSection
EndGlobal
